// !$*UTF8*$!
{
	archiveVersion = 1;
	classes = {
	};
	objectVersion = 46;
	objects = {

/* Begin PBXBuildFile section */
		D8D9F31A19B9ABF400B5609C /* Foundation.framework in Frameworks */ = {isa = PBXBuildFile; fileRef = D8D9F31919B9ABF400B5609C /* Foundation.framework */; };
		D8D9F31C19B9ABF400B5609C /* CoreGraphics.framework in Frameworks */ = {isa = PBXBuildFile; fileRef = D8D9F31B19B9ABF400B5609C /* CoreGraphics.framework */; };
		D8D9F31E19B9ABF400B5609C /* UIKit.framework in Frameworks */ = {isa = PBXBuildFile; fileRef = D8D9F31D19B9ABF400B5609C /* UIKit.framework */; };
		D8D9F32419B9ABF400B5609C /* InfoPlist.strings in Resources */ = {isa = PBXBuildFile; fileRef = D8D9F32219B9ABF400B5609C /* InfoPlist.strings */; };
		D8D9F32619B9ABF400B5609C /* main.m in Sources */ = {isa = PBXBuildFile; fileRef = D8D9F32519B9ABF400B5609C /* main.m */; };
		D8D9F32A19B9ABF400B5609C /* AppDelegate.m in Sources */ = {isa = PBXBuildFile; fileRef = D8D9F32919B9ABF400B5609C /* AppDelegate.m */; };
		D8D9F32C19B9ABF400B5609C /* Images.xcassets in Resources */ = {isa = PBXBuildFile; fileRef = D8D9F32B19B9ABF400B5609C /* Images.xcassets */; };
		D8D9F33319B9ABF400B5609C /* XCTest.framework in Frameworks */ = {isa = PBXBuildFile; fileRef = D8D9F33219B9ABF400B5609C /* XCTest.framework */; };
		D8D9F33419B9ABF400B5609C /* Foundation.framework in Frameworks */ = {isa = PBXBuildFile; fileRef = D8D9F31919B9ABF400B5609C /* Foundation.framework */; };
		D8D9F33519B9ABF400B5609C /* UIKit.framework in Frameworks */ = {isa = PBXBuildFile; fileRef = D8D9F31D19B9ABF400B5609C /* UIKit.framework */; };
		D8D9F33D19B9ABF400B5609C /* InfoPlist.strings in Resources */ = {isa = PBXBuildFile; fileRef = D8D9F33B19B9ABF400B5609C /* InfoPlist.strings */; };
		D8D9F33F19B9ABF400B5609C /* BillDrillStatsTests.m in Sources */ = {isa = PBXBuildFile; fileRef = D8D9F33E19B9ABF400B5609C /* BillDrillStatsTests.m */; };
/* End PBXBuildFile section */

/* Begin PBXContainerItemProxy section */
		D8D9F33619B9ABF400B5609C /* PBXContainerItemProxy */ = {
			isa = PBXContainerItemProxy;
			containerPortal = D8D9F30E19B9ABF400B5609C /* Project object */;
			proxyType = 1;
			remoteGlobalIDString = D8D9F31519B9ABF400B5609C;
			remoteInfo = BillDrillStats;
		};
/* End PBXContainerItemProxy section */

/* Begin PBXFileReference section */
		D8D9F31619B9ABF400B5609C /* BillDrillStats.app */ = {isa = PBXFileReference; explicitFileType = wrapper.application; includeInIndex = 0; path = BillDrillStats.app; sourceTree = BUILT_PRODUCTS_DIR; };
		D8D9F31919B9ABF400B5609C /* Foundation.framework */ = {isa = PBXFileReference; lastKnownFileType = wrapper.framework; name = Foundation.framework; path = System/Library/Frameworks/Foundation.framework; sourceTree = SDKROOT; };
		D8D9F31B19B9ABF400B5609C /* CoreGraphics.framework */ = {isa = PBXFileReference; lastKnownFileType = wrapper.framework; name = CoreGraphics.framework; path = System/Library/Frameworks/CoreGraphics.framework; sourceTree = SDKROOT; };
		D8D9F31D19B9ABF400B5609C /* UIKit.framework */ = {isa = PBXFileReference; lastKnownFileType = wrapper.framework; name = UIKit.framework; path = System/Library/Frameworks/UIKit.framework; sourceTree = SDKROOT; };
		D8D9F32119B9ABF400B5609C /* BillDrillStats-Info.plist */ = {isa = PBXFileReference; lastKnownFileType = text.plist.xml; path = "BillDrillStats-Info.plist"; sourceTree = "<group>"; };
		D8D9F32319B9ABF400B5609C /* en */ = {isa = PBXFileReference; lastKnownFileType = text.plist.strings; name = en; path = en.lproj/InfoPlist.strings; sourceTree = "<group>"; };
		D8D9F32519B9ABF400B5609C /* main.m */ = {isa = PBXFileReference; lastKnownFileType = sourcecode.c.objc; path = main.m; sourceTree = "<group>"; };
		D8D9F32719B9ABF400B5609C /* BillDrillStats-Prefix.pch */ = {isa = PBXFileReference; lastKnownFileType = sourcecode.c.h; path = "BillDrillStats-Prefix.pch"; sourceTree = "<group>"; };
		D8D9F32819B9ABF400B5609C /* AppDelegate.h */ = {isa = PBXFileReference; lastKnownFileType = sourcecode.c.h; path = AppDelegate.h; sourceTree = "<group>"; };
		D8D9F32919B9ABF400B5609C /* AppDelegate.m */ = {isa = PBXFileReference; lastKnownFileType = sourcecode.c.objc; path = AppDelegate.m; sourceTree = "<group>"; };
		D8D9F32B19B9ABF400B5609C /* Images.xcassets */ = {isa = PBXFileReference; lastKnownFileType = folder.assetcatalog; path = Images.xcassets; sourceTree = "<group>"; };
		D8D9F33119B9ABF400B5609C /* BillDrillStatsTests.xctest */ = {isa = PBXFileReference; explicitFileType = wrapper.cfbundle; includeInIndex = 0; path = BillDrillStatsTests.xctest; sourceTree = BUILT_PRODUCTS_DIR; };
		D8D9F33219B9ABF400B5609C /* XCTest.framework */ = {isa = PBXFileReference; lastKnownFileType = wrapper.framework; name = XCTest.framework; path = Library/Frameworks/XCTest.framework; sourceTree = DEVELOPER_DIR; };
		D8D9F33A19B9ABF400B5609C /* BillDrillStatsTests-Info.plist */ = {isa = PBXFileReference; lastKnownFileType = text.plist.xml; path = "BillDrillStatsTests-Info.plist"; sourceTree = "<group>"; };
		D8D9F33C19B9ABF400B5609C /* en */ = {isa = PBXFileReference; lastKnownFileType = text.plist.strings; name = en; path = en.lproj/InfoPlist.strings; sourceTree = "<group>"; };
		D8D9F33E19B9ABF400B5609C /* BillDrillStatsTests.m */ = {isa = PBXFileReference; lastKnownFileType = sourcecode.c.objc; path = BillDrillStatsTests.m; sourceTree = "<group>"; };
/* End PBXFileReference section */

/* Begin PBXFrameworksBuildPhase section */
		D8D9F31319B9ABF400B5609C /* Frameworks */ = {
			isa = PBXFrameworksBuildPhase;
			buildActionMask = 2147483647;
			files = (
				D8D9F31C19B9ABF400B5609C /* CoreGraphics.framework in Frameworks */,
				D8D9F31E19B9ABF400B5609C /* UIKit.framework in Frameworks */,
				D8D9F31A19B9ABF400B5609C /* Foundation.framework in Frameworks */,
			);
			runOnlyForDeploymentPostprocessing = 0;
		};
		D8D9F32E19B9ABF400B5609C /* Frameworks */ = {
			isa = PBXFrameworksBuildPhase;
			buildActionMask = 2147483647;
			files = (
				D8D9F33319B9ABF400B5609C /* XCTest.framework in Frameworks */,
				D8D9F33519B9ABF400B5609C /* UIKit.framework in Frameworks */,
				D8D9F33419B9ABF400B5609C /* Foundation.framework in Frameworks */,
			);
			runOnlyForDeploymentPostprocessing = 0;
		};
/* End PBXFrameworksBuildPhase section */

/* Begin PBXGroup section */
		D8D9F30D19B9ABF400B5609C = {
			isa = PBXGroup;
			children = (
				D8D9F31F19B9ABF400B5609C /* BillDrillStats */,
				D8D9F33819B9ABF400B5609C /* BillDrillStatsTests */,
				D8D9F31819B9ABF400B5609C /* Frameworks */,
				D8D9F31719B9ABF400B5609C /* Products */,
			);
			sourceTree = "<group>";
		};
		D8D9F31719B9ABF400B5609C /* Products */ = {
			isa = PBXGroup;
			children = (
				D8D9F31619B9ABF400B5609C /* BillDrillStats.app */,
				D8D9F33119B9ABF400B5609C /* BillDrillStatsTests.xctest */,
			);
			name = Products;
			sourceTree = "<group>";
		};
		D8D9F31819B9ABF400B5609C /* Frameworks */ = {
			isa = PBXGroup;
			children = (
				D8D9F31919B9ABF400B5609C /* Foundation.framework */,
				D8D9F31B19B9ABF400B5609C /* CoreGraphics.framework */,
				D8D9F31D19B9ABF400B5609C /* UIKit.framework */,
				D8D9F33219B9ABF400B5609C /* XCTest.framework */,
			);
			name = Frameworks;
			sourceTree = "<group>";
		};
		D8D9F31F19B9ABF400B5609C /* BillDrillStats */ = {
			isa = PBXGroup;
			children = (
				D8D9F32819B9ABF400B5609C /* AppDelegate.h */,
				D8D9F32919B9ABF400B5609C /* AppDelegate.m */,
				D8D9F32B19B9ABF400B5609C /* Images.xcassets */,
				D8D9F32019B9ABF400B5609C /* Supporting Files */,
			);
			path = BillDrillStats;
			sourceTree = "<group>";
		};
		D8D9F32019B9ABF400B5609C /* Supporting Files */ = {
			isa = PBXGroup;
			children = (
				D8D9F32119B9ABF400B5609C /* BillDrillStats-Info.plist */,
				D8D9F32219B9ABF400B5609C /* InfoPlist.strings */,
				D8D9F32519B9ABF400B5609C /* main.m */,
				D8D9F32719B9ABF400B5609C /* BillDrillStats-Prefix.pch */,
			);
			name = "Supporting Files";
			sourceTree = "<group>";
		};
		D8D9F33819B9ABF400B5609C /* BillDrillStatsTests */ = {
			isa = PBXGroup;
			children = (
				D8D9F33E19B9ABF400B5609C /* BillDrillStatsTests.m */,
				D8D9F33919B9ABF400B5609C /* Supporting Files */,
			);
			path = BillDrillStatsTests;
			sourceTree = "<group>";
		};
		D8D9F33919B9ABF400B5609C /* Supporting Files */ = {
			isa = PBXGroup;
			children = (
				D8D9F33A19B9ABF400B5609C /* BillDrillStatsTests-Info.plist */,
				D8D9F33B19B9ABF400B5609C /* InfoPlist.strings */,
			);
			name = "Supporting Files";
			sourceTree = "<group>";
		};
/* End PBXGroup section */

/* Begin PBXNativeTarget section */
		D8D9F31519B9ABF400B5609C /* BillDrillStats */ = {
			isa = PBXNativeTarget;
			buildConfigurationList = D8D9F34219B9ABF400B5609C /* Build configuration list for PBXNativeTarget "BillDrillStats" */;
			buildPhases = (
				D8D9F31219B9ABF400B5609C /* Sources */,
				D8D9F31319B9ABF400B5609C /* Frameworks */,
				D8D9F31419B9ABF400B5609C /* Resources */,
			);
			buildRules = (
			);
			dependencies = (
			);
			name = BillDrillStats;
			productName = BillDrillStats;
			productReference = D8D9F31619B9ABF400B5609C /* BillDrillStats.app */;
			productType = "com.apple.product-type.application";
		};
		D8D9F33019B9ABF400B5609C /* BillDrillStatsTests */ = {
			isa = PBXNativeTarget;
			buildConfigurationList = D8D9F34519B9ABF400B5609C /* Build configuration list for PBXNativeTarget "BillDrillStatsTests" */;
			buildPhases = (
				D8D9F32D19B9ABF400B5609C /* Sources */,
				D8D9F32E19B9ABF400B5609C /* Frameworks */,
				D8D9F32F19B9ABF400B5609C /* Resources */,
			);
			buildRules = (
			);
			dependencies = (
				D8D9F33719B9ABF400B5609C /* PBXTargetDependency */,
			);
			name = BillDrillStatsTests;
			productName = BillDrillStatsTests;
			productReference = D8D9F33119B9ABF400B5609C /* BillDrillStatsTests.xctest */;
			productType = "com.apple.product-type.bundle.unit-test";
		};
/* End PBXNativeTarget section */

/* Begin PBXProject section */
		D8D9F30E19B9ABF400B5609C /* Project object */ = {
			isa = PBXProject;
			attributes = {
				LastUpgradeCheck = 0510;
				ORGANIZATIONNAME = trogels;
				TargetAttributes = {
					D8D9F33019B9ABF400B5609C = {
						TestTargetID = D8D9F31519B9ABF400B5609C;
					};
				};
			};
			buildConfigurationList = D8D9F31119B9ABF400B5609C /* Build configuration list for PBXProject "BillDrillStats" */;
			compatibilityVersion = "Xcode 3.2";
			developmentRegion = English;
			hasScannedForEncodings = 0;
			knownRegions = (
				en,
			);
			mainGroup = D8D9F30D19B9ABF400B5609C;
			productRefGroup = D8D9F31719B9ABF400B5609C /* Products */;
			projectDirPath = "";
			projectRoot = "";
			targets = (
				D8D9F31519B9ABF400B5609C /* BillDrillStats */,
				D8D9F33019B9ABF400B5609C /* BillDrillStatsTests */,
			);
		};
/* End PBXProject section */

/* Begin PBXResourcesBuildPhase section */
		D8D9F31419B9ABF400B5609C /* Resources */ = {
			isa = PBXResourcesBuildPhase;
			buildActionMask = 2147483647;
			files = (
				D8D9F32419B9ABF400B5609C /* InfoPlist.strings in Resources */,
				D8D9F32C19B9ABF400B5609C /* Images.xcassets in Resources */,
			);
			runOnlyForDeploymentPostprocessing = 0;
		};
		D8D9F32F19B9ABF400B5609C /* Resources */ = {
			isa = PBXResourcesBuildPhase;
			buildActionMask = 2147483647;
			files = (
				D8D9F33D19B9ABF400B5609C /* InfoPlist.strings in Resources */,
			);
			runOnlyForDeploymentPostprocessing = 0;
		};
/* End PBXResourcesBuildPhase section */

/* Begin PBXSourcesBuildPhase section */
		D8D9F31219B9ABF400B5609C /* Sources */ = {
			isa = PBXSourcesBuildPhase;
			buildActionMask = 2147483647;
			files = (
				D8D9F32A19B9ABF400B5609C /* AppDelegate.m in Sources */,
				D8D9F32619B9ABF400B5609C /* main.m in Sources */,
			);
			runOnlyForDeploymentPostprocessing = 0;
		};
		D8D9F32D19B9ABF400B5609C /* Sources */ = {
			isa = PBXSourcesBuildPhase;
			buildActionMask = 2147483647;
			files = (
				D8D9F33F19B9ABF400B5609C /* BillDrillStatsTests.m in Sources */,
			);
			runOnlyForDeploymentPostprocessing = 0;
		};
/* End PBXSourcesBuildPhase section */

/* Begin PBXTargetDependency section */
		D8D9F33719B9ABF400B5609C /* PBXTargetDependency */ = {
			isa = PBXTargetDependency;
			target = D8D9F31519B9ABF400B5609C /* BillDrillStats */;
			targetProxy = D8D9F33619B9ABF400B5609C /* PBXContainerItemProxy */;
		};
/* End PBXTargetDependency section */

/* Begin PBXVariantGroup section */
		D8D9F32219B9ABF400B5609C /* InfoPlist.strings */ = {
			isa = PBXVariantGroup;
			children = (
				D8D9F32319B9ABF400B5609C /* en */,
			);
			name = InfoPlist.strings;
			sourceTree = "<group>";
		};
		D8D9F33B19B9ABF400B5609C /* InfoPlist.strings */ = {
			isa = PBXVariantGroup;
			children = (
				D8D9F33C19B9ABF400B5609C /* en */,
			);
			name = InfoPlist.strings;
			sourceTree = "<group>";
		};
/* End PBXVariantGroup section */

/* Begin XCBuildConfiguration section */
		D8D9F34019B9ABF400B5609C /* Debug */ = {
			isa = XCBuildConfiguration;
			buildSettings = {
				ALWAYS_SEARCH_USER_PATHS = NO;
				CLANG_CXX_LANGUAGE_STANDARD = "gnu++0x";
				CLANG_CXX_LIBRARY = "libc++";
				CLANG_ENABLE_MODULES = YES;
				CLANG_ENABLE_OBJC_ARC = YES;
				CLANG_WARN_BOOL_CONVERSION = YES;
				CLANG_WARN_CONSTANT_CONVERSION = YES;
				CLANG_WARN_DIRECT_OBJC_ISA_USAGE = YES_ERROR;
				CLANG_WARN_EMPTY_BODY = YES;
				CLANG_WARN_ENUM_CONVERSION = YES;
				CLANG_WARN_INT_CONVERSION = YES;
				CLANG_WARN_OBJC_ROOT_CLASS = YES_ERROR;
				CLANG_WARN__DUPLICATE_METHOD_MATCH = YES;
				"CODE_SIGN_IDENTITY[sdk=iphoneos*]" = "iPhone Developer";
				COPY_PHASE_STRIP = NO;
				GCC_C_LANGUAGE_STANDARD = gnu99;
				GCC_DYNAMIC_NO_PIC = NO;
				GCC_OPTIMIZATION_LEVEL = 0;
				GCC_PREPROCESSOR_DEFINITIONS = (
					"DEBUG=1",
					"$(inherited)",
				);
				GCC_SYMBOLS_PRIVATE_EXTERN = NO;
				GCC_WARN_64_TO_32_BIT_CONVERSION = YES;
				GCC_WARN_ABOUT_RETURN_TYPE = YES_ERROR;
				GCC_WARN_UNDECLARED_SELECTOR = YES;
				GCC_WARN_UNINITIALIZED_AUTOS = YES_AGGRESSIVE;
				GCC_WARN_UNUSED_FUNCTION = YES;
				GCC_WARN_UNUSED_VARIABLE = YES;
				IPHONEOS_DEPLOYMENT_TARGET = 7.1;
				ONLY_ACTIVE_ARCH = YES;
				SDKROOT = iphoneos;
			};
			name = Debug;
		};
		D8D9F34119B9ABF400B5609C /* Release */ = {
			isa = XCBuildConfiguration;
			buildSettings = {
				ALWAYS_SEARCH_USER_PATHS = NO;
				CLANG_CXX_LANGUAGE_STANDARD = "gnu++0x";
				CLANG_CXX_LIBRARY = "libc++";
				CLANG_ENABLE_MODULES = YES;
				CLANG_ENABLE_OBJC_ARC = YES;
				CLANG_WARN_BOOL_CONVERSION = YES;
				CLANG_WARN_CONSTANT_CONVERSION = YES;
				CLANG_WARN_DIRECT_OBJC_ISA_USAGE = YES_ERROR;
				CLANG_WARN_EMPTY_BODY = YES;
				CLANG_WARN_ENUM_CONVERSION = YES;
				CLANG_WARN_INT_CONVERSION = YES;
				CLANG_WARN_OBJC_ROOT_CLASS = YES_ERROR;
				CLANG_WARN__DUPLICATE_METHOD_MATCH = YES;
				"CODE_SIGN_IDENTITY[sdk=iphoneos*]" = "iPhone Developer";
				COPY_PHASE_STRIP = YES;
				ENABLE_NS_ASSERTIONS = NO;
				GCC_C_LANGUAGE_STANDARD = gnu99;
				GCC_WARN_64_TO_32_BIT_CONVERSION = YES;
				GCC_WARN_ABOUT_RETURN_TYPE = YES_ERROR;
				GCC_WARN_UNDECLARED_SELECTOR = YES;
				GCC_WARN_UNINITIALIZED_AUTOS = YES_AGGRESSIVE;
				GCC_WARN_UNUSED_FUNCTION = YES;
				GCC_WARN_UNUSED_VARIABLE = YES;
				IPHONEOS_DEPLOYMENT_TARGET = 7.1;
				SDKROOT = iphoneos;
				VALIDATE_PRODUCT = YES;
			};
			name = Release;
		};
		D8D9F34319B9ABF400B5609C /* Debug */ = {
			isa = XCBuildConfiguration;
			buildSettings = {
				ASSETCATALOG_COMPILER_APPICON_NAME = AppIcon;
				ASSETCATALOG_COMPILER_LAUNCHIMAGE_NAME = LaunchImage;
				GCC_PRECOMPILE_PREFIX_HEADER = YES;
				GCC_PREFIX_HEADER = "BillDrillStats/BillDrillStats-Prefix.pch";
				INFOPLIST_FILE = "BillDrillStats/BillDrillStats-Info.plist";
				PRODUCT_NAME = "$(TARGET_NAME)";
				WRAPPER_EXTENSION = app;
			};
			name = Debug;
		};
		D8D9F34419B9ABF400B5609C /* Release */ = {
			isa = XCBuildConfiguration;
			buildSettings = {
				ASSETCATALOG_COMPILER_APPICON_NAME = AppIcon;
				ASSETCATALOG_COMPILER_LAUNCHIMAGE_NAME = LaunchImage;
				GCC_PRECOMPILE_PREFIX_HEADER = YES;
				GCC_PREFIX_HEADER = "BillDrillStats/BillDrillStats-Prefix.pch";
				INFOPLIST_FILE = "BillDrillStats/BillDrillStats-Info.plist";
				PRODUCT_NAME = "$(TARGET_NAME)";
				WRAPPER_EXTENSION = app;
			};
			name = Release;
		};
		D8D9F34619B9ABF400B5609C /* Debug */ = {
			isa = XCBuildConfiguration;
			buildSettings = {
				BUNDLE_LOADER = "$(BUILT_PRODUCTS_DIR)/BillDrillStats.app/BillDrillStats";
				FRAMEWORK_SEARCH_PATHS = (
					"$(SDKROOT)/Developer/Library/Frameworks",
					"$(inherited)",
					"$(DEVELOPER_FRAMEWORKS_DIR)",
				);
				GCC_PRECOMPILE_PREFIX_HEADER = YES;
				GCC_PREFIX_HEADER = "BillDrillStats/BillDrillStats-Prefix.pch";
				GCC_PREPROCESSOR_DEFINITIONS = (
					"DEBUG=1",
					"$(inherited)",
				);
				INFOPLIST_FILE = "BillDrillStatsTests/BillDrillStatsTests-Info.plist";
				PRODUCT_NAME = "$(TARGET_NAME)";
				TEST_HOST = "$(BUNDLE_LOADER)";
				WRAPPER_EXTENSION = xctest;
			};
			name = Debug;
		};
		D8D9F34719B9ABF400B5609C /* Release */ = {
			isa = XCBuildConfiguration;
			buildSettings = {
				BUNDLE_LOADER = "$(BUILT_PRODUCTS_DIR)/BillDrillStats.app/BillDrillStats";
				FRAMEWORK_SEARCH_PATHS = (
					"$(SDKROOT)/Developer/Library/Frameworks",
					"$(inherited)",
					"$(DEVELOPER_FRAMEWORKS_DIR)",
				);
				GCC_PRECOMPILE_PREFIX_HEADER = YES;
				GCC_PREFIX_HEADER = "BillDrillStats/BillDrillStats-Prefix.pch";
				INFOPLIST_FILE = "BillDrillStatsTests/BillDrillStatsTests-Info.plist";
				PRODUCT_NAME = "$(TARGET_NAME)";
				TEST_HOST = "$(BUNDLE_LOADER)";
				WRAPPER_EXTENSION = xctest;
			};
			name = Release;
		};
/* End XCBuildConfiguration section */

/* Begin XCConfigurationList section */
		D8D9F31119B9ABF400B5609C /* Build configuration list for PBXProject "BillDrillStats" */ = {
			isa = XCConfigurationList;
			buildConfigurations = (
				D8D9F34019B9ABF400B5609C /* Debug */,
				D8D9F34119B9ABF400B5609C /* Release */,
			);
			defaultConfigurationIsVisible = 0;
			defaultConfigurationName = Release;
		};
		D8D9F34219B9ABF400B5609C /* Build configuration list for PBXNativeTarget "BillDrillStats" */ = {
			isa = XCConfigurationList;
			buildConfigurations = (
				D8D9F34319B9ABF400B5609C /* Debug */,
				D8D9F34419B9ABF400B5609C /* Release */,
			);
			defaultConfigurationIsVisible = 0;
		};
		D8D9F34519B9ABF400B5609C /* Build configuration list for PBXNativeTarget "BillDrillStatsTests" */ = {
			isa = XCConfigurationList;
			buildConfigurations = (
				D8D9F34619B9ABF400B5609C /* Debug */,
				D8D9F34719B9ABF400B5609C /* Release */,
			);
			defaultConfigurationIsVisible = 0;
		};
/* End XCConfigurationList section */
	};
	rootObject = D8D9F30E19B9ABF400B5609C /* Project object */;
}
